{
  "version": 4,
  "terraform_version": "1.7.4",
  "serial": 78,
  "lineage": "c01f3f3e-72ec-5337-d47f-972432ee28a8",
  "outputs": {
    "cloud-run-service-uri": {
      "value": "https://cloudrun-service-hbjcr5t7ia-ew.a.run.app",
      "type": "string"
    }
  },
  "resources": [
    {
      "mode": "data",
      "type": "google_iam_policy",
      "name": "noauth-policy",
      "provider": "provider[\"registry.terraform.io/hashicorp/google\"]",
      "instances": [
        {
          "schema_version": 0,
          "attributes": {
            "audit_config": null,
            "binding": [
              {
                "condition": [],
                "members": [
                  "allUsers"
                ],
                "role": "roles/run.invoker"
              }
            ],
            "id": "3450855414",
            "policy_data": "{\"bindings\":[{\"members\":[\"allUsers\"],\"role\":\"roles/run.invoker\"}]}"
          },
          "sensitive_attributes": []
        }
      ]
    },
    {
      "mode": "managed",
      "type": "google_artifact_registry_repository",
      "name": "tf-stg-repo",
      "provider": "provider[\"registry.terraform.io/hashicorp/google\"]",
      "instances": [
        {
          "schema_version": 0,
          "attributes": {
            "cleanup_policies": [
              {
                "action": "DELETE",
                "condition": [
                  {
                    "newer_than": "",
                    "older_than": "604800s",
                    "package_name_prefixes": [],
                    "tag_prefixes": [],
                    "tag_state": "UNTAGGED",
                    "version_name_prefixes": []
                  }
                ],
                "id": "delete-Policy",
                "most_recent_versions": []
              },
              {
                "action": "KEEP",
                "condition": [
                  {
                    "newer_than": "",
                    "older_than": "",
                    "package_name_prefixes": [
                      "webapp",
                      "mobile"
                    ],
                    "tag_prefixes": [
                      "release"
                    ],
                    "tag_state": "TAGGED",
                    "version_name_prefixes": []
                  }
                ],
                "id": "keep-policy",
                "most_recent_versions": []
              },
              {
                "action": "KEEP",
                "condition": [],
                "id": "keep-minimum-versions-policey",
                "most_recent_versions": [
                  {
                    "keep_count": 5,
                    "package_name_prefixes": [
                      "webapp",
                      "mobile",
                      "sandbox"
                    ]
                  }
                ]
              }
            ],
            "cleanup_policy_dry_run": false,
            "create_time": "2024-03-05T20:40:36.628739Z",
            "description": "example docker repository",
            "docker_config": [],
            "effective_labels": {
              "env": "test",
              "name": "my-repository",
              "project": "qureos"
            },
            "format": "DOCKER",
            "id": "projects/qureos-a1006/locations/europe-west1/repositories/my-repository",
            "kms_key_name": "",
            "labels": {
              "env": "test",
              "name": "my-repository",
              "project": "qureos"
            },
            "location": "europe-west1",
            "maven_config": [],
            "mode": "STANDARD_REPOSITORY",
            "name": "my-repository",
            "project": "qureos-a1006",
            "remote_repository_config": [],
            "repository_id": "my-repository",
            "terraform_labels": {
              "env": "test",
              "name": "my-repository",
              "project": "qureos"
            },
            "timeouts": null,
            "update_time": "2024-03-05T20:40:36.628739Z",
            "virtual_repository_config": []
          },
          "sensitive_attributes": [],
          "private": "eyJlMmJmYjczMC1lY2FhLTExZTYtOGY4OC0zNDM2M2JjN2M0YzAiOnsiY3JlYXRlIjoxMjAwMDAwMDAwMDAwLCJkZWxldGUiOjEyMDAwMDAwMDAwMDAsInVwZGF0ZSI6MTIwMDAwMDAwMDAwMH19"
        }
      ]
    },
    {
      "mode": "managed",
      "type": "google_cloud_run_service_iam_policy",
      "name": "noauth",
      "provider": "provider[\"registry.terraform.io/hashicorp/google\"]",
      "instances": [
        {
          "schema_version": 0,
          "attributes": {
            "etag": "BwYS7+DTEQY=",
            "id": "v1/projects/qureos-a1006/locations/europe-west1/services/cloudrun-service",
            "location": "europe-west1",
            "policy_data": "{\"bindings\":[{\"members\":[\"allUsers\"],\"role\":\"roles/run.invoker\"}]}",
            "project": "qureos-a1006",
            "service": "v1/projects/qureos-a1006/locations/europe-west1/services/cloudrun-service"
          },
          "sensitive_attributes": [],
          "private": "bnVsbA==",
          "dependencies": [
            "data.google_iam_policy.noauth-policy",
            "google_cloud_run_v2_service.default",
            "google_compute_network.test-vpc",
            "google_compute_subnetwork.public-subnet-1",
            "google_vpc_access_connector.connector"
          ]
        }
      ]
    },
    {
      "mode": "managed",
      "type": "google_cloud_run_v2_service",
      "name": "default",
      "provider": "provider[\"registry.terraform.io/hashicorp/google\"]",
      "instances": [
        {
          "schema_version": 0,
          "attributes": {
            "annotations": null,
            "binary_authorization": [],
            "client": "",
            "client_version": "",
            "conditions": [
              {
                "execution_reason": "",
                "last_transition_time": "2024-03-05T20:42:07.096980Z",
                "message": "",
                "reason": "",
                "revision_reason": "",
                "severity": "",
                "state": "CONDITION_SUCCEEDED",
                "type": "RoutesReady"
              },
              {
                "execution_reason": "",
                "last_transition_time": "2024-03-05T20:41:54.890885Z",
                "message": "",
                "reason": "",
                "revision_reason": "",
                "severity": "",
                "state": "CONDITION_SUCCEEDED",
                "type": "ConfigurationsReady"
              }
            ],
            "create_time": "2024-03-05T20:41:54.663485Z",
            "creator": "my-sa-991@qureos-a1006.iam.gserviceaccount.com",
            "custom_audiences": null,
            "delete_time": "",
            "description": "",
            "effective_annotations": {},
            "effective_labels": {},
            "etag": "\"CJKHnq8GEMj0r7wC/cHJvamVjdHMvcXVyZW9zLWExMDA2L2xvY2F0aW9ucy9ldXJvcGUtd2VzdDEvc2VydmljZXMvY2xvdWRydW4tc2VydmljZQ\"",
            "expire_time": "",
            "generation": "1",
            "id": "projects/qureos-a1006/locations/europe-west1/services/cloudrun-service",
            "ingress": "INGRESS_TRAFFIC_ALL",
            "labels": null,
            "last_modifier": "my-sa-991@qureos-a1006.iam.gserviceaccount.com",
            "latest_created_revision": "projects/qureos-a1006/locations/europe-west1/services/cloudrun-service/revisions/cloudrun-service-00001-xlk",
            "latest_ready_revision": "projects/qureos-a1006/locations/europe-west1/services/cloudrun-service/revisions/cloudrun-service-00001-xlk",
            "launch_stage": "GA",
            "location": "europe-west1",
            "name": "cloudrun-service",
            "observed_generation": "1",
            "project": "qureos-a1006",
            "reconciling": false,
            "template": [
              {
                "annotations": null,
                "containers": [
                  {
                    "args": null,
                    "command": null,
                    "depends_on": null,
                    "env": [
                      {
                        "name": "FOO",
                        "value": "bar",
                        "value_source": []
                      },
                      {
                        "name": "FOOD",
                        "value": "barger",
                        "value_source": []
                      }
                    ],
                    "image": "europe-west1-docker.pkg.dev/qureos-a1006/qureos-frontend-staging-service/stg-frontend@sha256:34da0b51907982a90bf28726872fc57ef6636979c3894481402a62a44b23770e",
                    "liveness_probe": [],
                    "name": "",
                    "ports": [
                      {
                        "container_port": 3001,
                        "name": "http1"
                      }
                    ],
                    "resources": [
                      {
                        "cpu_idle": false,
                        "limits": {
                          "cpu": "4",
                          "memory": "16384Mi"
                        },
                        "startup_cpu_boost": false
                      }
                    ],
                    "startup_probe": [
                      {
                        "failure_threshold": 1,
                        "grpc": [],
                        "http_get": [],
                        "initial_delay_seconds": 0,
                        "period_seconds": 240,
                        "tcp_socket": [
                          {
                            "port": 3001
                          }
                        ],
                        "timeout_seconds": 240
                      }
                    ],
                    "volume_mounts": [],
                    "working_dir": ""
                  }
                ],
                "encryption_key": "",
                "execution_environment": "",
                "labels": {
                  "env": "test",
                  "name": "my-service",
                  "project": "qureos"
                },
                "max_instance_request_concurrency": 80,
                "revision": "",
                "scaling": [
                  {
                    "max_instance_count": 10,
                    "min_instance_count": 1
                  }
                ],
                "service_account": "833985413198-compute@developer.gserviceaccount.com",
                "session_affinity": false,
                "timeout": "300s",
                "volumes": [],
                "vpc_access": [
                  {
                    "connector": "projects/qureos-a1006/locations/europe-west1/connectors/vpc-test-access-connector",
                    "egress": "ALL_TRAFFIC",
                    "network_interfaces": []
                  }
                ]
              }
            ],
            "terminal_condition": [
              {
                "execution_reason": "",
                "last_transition_time": "2024-03-05T20:42:07.134115Z",
                "message": "",
                "reason": "",
                "revision_reason": "",
                "severity": "",
                "state": "CONDITION_SUCCEEDED",
                "type": "Ready"
              }
            ],
            "terraform_labels": {},
            "timeouts": null,
            "traffic": [
              {
                "percent": 100,
                "revision": "",
                "tag": "",
                "type": "TRAFFIC_TARGET_ALLOCATION_TYPE_LATEST"
              }
            ],
            "traffic_statuses": [
              {
                "percent": 100,
                "revision": "",
                "tag": "",
                "type": "TRAFFIC_TARGET_ALLOCATION_TYPE_LATEST",
                "uri": ""
              }
            ],
            "uid": "9c73aebf-bac7-4877-ab0c-5d70359327c6",
            "update_time": "2024-03-05T20:41:54.663485Z",
            "uri": "https://cloudrun-service-hbjcr5t7ia-ew.a.run.app"
          },
          "sensitive_attributes": [],
          "private": "eyJlMmJmYjczMC1lY2FhLTExZTYtOGY4OC0zNDM2M2JjN2M0YzAiOnsiY3JlYXRlIjoxMjAwMDAwMDAwMDAwLCJkZWxldGUiOjEyMDAwMDAwMDAwMDAsInVwZGF0ZSI6MTIwMDAwMDAwMDAwMH19",
          "dependencies": [
            "google_compute_network.test-vpc",
            "google_compute_subnetwork.public-subnet-1",
            "google_vpc_access_connector.connector"
          ]
        }
      ]
    },
    {
      "mode": "managed",
      "type": "google_compute_network",
      "name": "test-vpc",
      "provider": "provider[\"registry.terraform.io/hashicorp/google\"]",
      "instances": [
        {
          "schema_version": 0,
          "attributes": {
            "auto_create_subnetworks": false,
            "delete_default_routes_on_create": false,
            "description": "This is my VPC",
            "enable_ula_internal_ipv6": false,
            "gateway_ipv4": "",
            "id": "projects/qureos-a1006/global/networks/tf-vpc",
            "internal_ipv6_range": "",
            "mtu": 1460,
            "name": "tf-vpc",
            "network_firewall_policy_enforcement_order": "AFTER_CLASSIC_FIREWALL",
            "numeric_id": "5617603775025568133",
            "project": "qureos-a1006",
            "routing_mode": "REGIONAL",
            "self_link": "https://www.googleapis.com/compute/v1/projects/qureos-a1006/global/networks/tf-vpc",
            "timeouts": null
          },
          "sensitive_attributes": [],
          "private": "eyJlMmJmYjczMC1lY2FhLTExZTYtOGY4OC0zNDM2M2JjN2M0YzAiOnsiY3JlYXRlIjoxMjAwMDAwMDAwMDAwLCJkZWxldGUiOjEyMDAwMDAwMDAwMDAsInVwZGF0ZSI6MTIwMDAwMDAwMDAwMH19"
        }
      ]
    },
    {
      "mode": "managed",
      "type": "google_compute_network_peering",
      "name": "peering1",
      "provider": "provider[\"registry.terraform.io/hashicorp/google\"]",
      "instances": [
        {
          "schema_version": 0,
          "attributes": {
            "export_custom_routes": false,
            "export_subnet_routes_with_public_ip": true,
            "id": "tf-vpc/peering1",
            "import_custom_routes": false,
            "import_subnet_routes_with_public_ip": false,
            "name": "peering1",
            "network": "https://www.googleapis.com/compute/v1/projects/qureos-a1006/global/networks/tf-vpc",
            "peer_network": "https://www.googleapis.com/compute/v1/projects/p-mzz6t7fthggsrkc1dwgbuaex/global/networks/nt-654b6de6bb9bd33fe764399d-03zcl7uo",
            "stack_type": "IPV4_ONLY",
            "state": "INACTIVE",
            "state_details": "[2024-03-05T12:40:35.546-08:00]: Waiting for peer network to connect.",
            "timeouts": null
          },
          "sensitive_attributes": [],
          "private": "eyJlMmJmYjczMC1lY2FhLTExZTYtOGY4OC0zNDM2M2JjN2M0YzAiOnsiY3JlYXRlIjoyNDAwMDAwMDAwMDAsImRlbGV0ZSI6MjQwMDAwMDAwMDAwLCJ1cGRhdGUiOjI0MDAwMDAwMDAwMH19",
          "dependencies": [
            "google_compute_network.test-vpc"
          ]
        }
      ]
    },
    {
      "mode": "managed",
      "type": "google_compute_subnetwork",
      "name": "private-subnet-1",
      "provider": "provider[\"registry.terraform.io/hashicorp/google\"]",
      "instances": [
        {
          "schema_version": 0,
          "attributes": {
            "creation_timestamp": "2024-03-05T12:40:35.984-08:00",
            "description": "",
            "external_ipv6_prefix": "",
            "fingerprint": null,
            "gateway_address": "10.1.3.1",
            "id": "projects/qureos-a1006/regions/europe-west1/subnetworks/private-subnet-1",
            "internal_ipv6_prefix": "",
            "ip_cidr_range": "10.1.3.0/24",
            "ipv6_access_type": "",
            "ipv6_cidr_range": "",
            "log_config": [],
            "name": "private-subnet-1",
            "network": "https://www.googleapis.com/compute/v1/projects/qureos-a1006/global/networks/tf-vpc",
            "private_ip_google_access": true,
            "private_ipv6_google_access": "DISABLE_GOOGLE_ACCESS",
            "project": "qureos-a1006",
            "purpose": "PRIVATE",
            "region": "europe-west1",
            "role": "",
            "secondary_ip_range": [],
            "self_link": "https://www.googleapis.com/compute/v1/projects/qureos-a1006/regions/europe-west1/subnetworks/private-subnet-1",
            "stack_type": "IPV4_ONLY",
            "timeouts": null
          },
          "sensitive_attributes": [],
          "private": "eyJlMmJmYjczMC1lY2FhLTExZTYtOGY4OC0zNDM2M2JjN2M0YzAiOnsiY3JlYXRlIjoxMjAwMDAwMDAwMDAwLCJkZWxldGUiOjEyMDAwMDAwMDAwMDAsInVwZGF0ZSI6MTIwMDAwMDAwMDAwMH19",
          "dependencies": [
            "google_compute_network.test-vpc"
          ]
        }
      ]
    },
    {
      "mode": "managed",
      "type": "google_compute_subnetwork",
      "name": "public-subnet-1",
      "provider": "provider[\"registry.terraform.io/hashicorp/google\"]",
      "instances": [
        {
          "schema_version": 0,
          "attributes": {
            "creation_timestamp": "2024-03-05T10:42:20.568-08:00",
            "description": "",
            "external_ipv6_prefix": "",
            "fingerprint": null,
            "gateway_address": "10.1.2.1",
            "id": "projects/qureos-a1006/regions/europe-west1/subnetworks/public-subnet-1",
            "internal_ipv6_prefix": "",
            "ip_cidr_range": "10.1.2.0/28",
            "ipv6_access_type": "",
            "ipv6_cidr_range": "",
            "log_config": [],
            "name": "public-subnet-1",
            "network": "https://www.googleapis.com/compute/v1/projects/qureos-a1006/global/networks/tf-vpc",
            "private_ip_google_access": false,
            "private_ipv6_google_access": "DISABLE_GOOGLE_ACCESS",
            "project": "qureos-a1006",
            "purpose": "PRIVATE",
            "region": "europe-west1",
            "role": "",
            "secondary_ip_range": [],
            "self_link": "https://www.googleapis.com/compute/v1/projects/qureos-a1006/regions/europe-west1/subnetworks/public-subnet-1",
            "stack_type": "IPV4_ONLY",
            "timeouts": null
          },
          "sensitive_attributes": [],
          "private": "eyJlMmJmYjczMC1lY2FhLTExZTYtOGY4OC0zNDM2M2JjN2M0YzAiOnsiY3JlYXRlIjoxMjAwMDAwMDAwMDAwLCJkZWxldGUiOjEyMDAwMDAwMDAwMDAsInVwZGF0ZSI6MTIwMDAwMDAwMDAwMH19",
          "dependencies": [
            "google_compute_network.test-vpc"
          ]
        }
      ]
    },
    {
      "mode": "managed",
      "type": "google_vpc_access_connector",
      "name": "connector",
      "provider": "provider[\"registry.terraform.io/hashicorp/google\"]",
      "instances": [
        {
          "schema_version": 0,
          "attributes": {
            "connected_projects": [
              "qureos-a1006"
            ],
            "id": "projects/qureos-a1006/locations/europe-west1/connectors/vpc-test-access-connector",
            "ip_cidr_range": "",
            "machine_type": "e2-standard-4",
            "max_instances": 3,
            "max_throughput": 300,
            "min_instances": 2,
            "min_throughput": 200,
            "name": "vpc-test-access-connector",
            "network": "tf-vpc",
            "project": "qureos-a1006",
            "region": "europe-west1",
            "self_link": "projects/qureos-a1006/locations/europe-west1/connectors/vpc-test-access-connector",
            "state": "READY",
            "subnet": [
              {
                "name": "public-subnet-1",
                "project_id": "qureos-a1006"
              }
            ],
            "timeouts": null
          },
          "sensitive_attributes": [],
          "private": "eyJlMmJmYjczMC1lY2FhLTExZTYtOGY4OC0zNDM2M2JjN2M0YzAiOnsiY3JlYXRlIjoxMjAwMDAwMDAwMDAwLCJkZWxldGUiOjEyMDAwMDAwMDAwMDB9fQ==",
          "dependencies": [
            "google_compute_network.test-vpc",
            "google_compute_subnetwork.public-subnet-1"
          ]
        }
      ]
    }
  ],
  "check_results": null
}
